
Microsoft Visual Studio Solution File, Format Version 12.00
# Visual Studio 14
VisualStudioVersion = 14.0.25420.1
MinimumVisualStudioVersion = 10.0.40219.1
Project("{FAE04EC0-301F-11D3-BF4B-00C04F79EFBC}") = "Ejemplo", "Ejemplo\Ejemplo.csproj", "{7E3C3C94-D7A8-4123-9B97-619EF81D583B}"
EndProject
Global
	GlobalSection(SolutionConfigurationPlatforms) = preSolution
		Debug|Any CPU = Debug|Any CPU
		Release|Any CPU = Release|Any CPU
	EndGlobalSection
	GlobalSection(ProjectConfigurationPlatforms) = postSolution
		{7E3C3C94-D7A8-4123-9B97-619EF81D583B}.Debug|Any CPU.ActiveCfg = Debug|Any CPU
		{7E3C3C94-D7A8-4123-9B97-619EF81D583B}.Debug|Any CPU.Build.0 = Debug|Any CPU
		{7E3C3C94-D7A8-4123-9B97-619EF81D583B}.Release|Any CPU.ActiveCfg = Release|Any CPU
		{7E3C3C94-D7A8-4123-9B97-619EF81D583B}.Release|Any CPU.Build.0 = Release|Any CPU
	EndGlobalSection
	GlobalSection(SolutionProperties) = preSolution
		HideSolutionNode = FALSE
	EndGlobalSection
EndGlobal
